// !$*UTF8*$!
{
	archiveVersion = 1;
	classes = {
	};
	objectVersion = 46;
	objects = {

/* Begin PBXBuildFile section */
		C2155889160E8B5400EF97FE /* ABImageTestButton.m in Sources */ = {isa = PBXBuildFile; fileRef = C2155888160E8B5400EF97FE /* ABImageTestButton.m */; };
		C2155890160EA17200EF97FE /* ABTestImageCache.m in Sources */ = {isa = PBXBuildFile; fileRef = C215588F160EA17200EF97FE /* ABTestImageCache.m */; };
		C2155893160EA41100EF97FE /* NSString+MD5.m in Sources */ = {isa = PBXBuildFile; fileRef = C2155892160EA41100EF97FE /* NSString+MD5.m */; };
		C2155899160EB30100EF97FE /* default_button.png in Resources */ = {isa = PBXBuildFile; fileRef = C2155897160EB30100EF97FE /* default_button.png */; };
		C215589F160FCDE000EF97FE /* icon.png in Resources */ = {isa = PBXBuildFile; fileRef = C215589E160FCDE000EF97FE /* icon.png */; };
		C21558A1160FCDEF00EF97FE /* icon@2x.png in Resources */ = {isa = PBXBuildFile; fileRef = C21558A0160FCDEE00EF97FE /* icon@2x.png */; };
		C29C067A160E3B3C00CC1E82 /* UIKit.framework in Frameworks */ = {isa = PBXBuildFile; fileRef = C29C0679160E3B3C00CC1E82 /* UIKit.framework */; };
		C29C067C160E3B3C00CC1E82 /* Foundation.framework in Frameworks */ = {isa = PBXBuildFile; fileRef = C29C067B160E3B3C00CC1E82 /* Foundation.framework */; };
		C29C067E160E3B3C00CC1E82 /* CoreGraphics.framework in Frameworks */ = {isa = PBXBuildFile; fileRef = C29C067D160E3B3C00CC1E82 /* CoreGraphics.framework */; };
		C29C0684160E3B3C00CC1E82 /* InfoPlist.strings in Resources */ = {isa = PBXBuildFile; fileRef = C29C0682160E3B3C00CC1E82 /* InfoPlist.strings */; };
		C29C0686160E3B3C00CC1E82 /* main.m in Sources */ = {isa = PBXBuildFile; fileRef = C29C0685160E3B3C00CC1E82 /* main.m */; };
		C29C068A160E3B3C00CC1E82 /* ABAppDelegate.m in Sources */ = {isa = PBXBuildFile; fileRef = C29C0689160E3B3C00CC1E82 /* ABAppDelegate.m */; };
		C29C068D160E3B3C00CC1E82 /* ABViewController.m in Sources */ = {isa = PBXBuildFile; fileRef = C29C068C160E3B3C00CC1E82 /* ABViewController.m */; };
		C29C0690160E3B3C00CC1E82 /* ABViewController.xib in Resources */ = {isa = PBXBuildFile; fileRef = C29C068E160E3B3C00CC1E82 /* ABViewController.xib */; };
		C29C06A1160E3F3300CC1E82 /* ABTestSettings.plist in Resources */ = {isa = PBXBuildFile; fileRef = C29C06A0160E3F3300CC1E82 /* ABTestSettings.plist */; };
		C29C06BB160E757C00CC1E82 /* ABTestCase.m in Sources */ = {isa = PBXBuildFile; fileRef = C29C06B0160E757C00CC1E82 /* ABTestCase.m */; };
		C29C06BC160E757C00CC1E82 /* ABTestCaseOutcome.m in Sources */ = {isa = PBXBuildFile; fileRef = C29C06B2160E757C00CC1E82 /* ABTestCaseOutcome.m */; };
		C29C06BD160E757C00CC1E82 /* ABTestManager.m in Sources */ = {isa = PBXBuildFile; fileRef = C29C06B4160E757C00CC1E82 /* ABTestManager.m */; };
		C29C06BE160E757C00CC1E82 /* NSObject+ABTest.m in Sources */ = {isa = PBXBuildFile; fileRef = C29C06B7160E757C00CC1E82 /* NSObject+ABTest.m */; };
		C29C06BF160E757C00CC1E82 /* OpenUDID.m in Sources */ = {isa = PBXBuildFile; fileRef = C29C06B9160E757C00CC1E82 /* OpenUDID.m */; settings = {COMPILER_FLAGS = "-fno-objc-arc"; }; };
		C29C06C2160E759500CC1E82 /* ABTestButton.m in Sources */ = {isa = PBXBuildFile; fileRef = C29C06C1160E759500CC1E82 /* ABTestButton.m */; };
/* End PBXBuildFile section */

/* Begin PBXFileReference section */
		C2155887160E8B5400EF97FE /* ABImageTestButton.h */ = {isa = PBXFileReference; fileEncoding = 4; lastKnownFileType = sourcecode.c.h; path = ABImageTestButton.h; sourceTree = "<group>"; };
		C2155888160E8B5400EF97FE /* ABImageTestButton.m */ = {isa = PBXFileReference; fileEncoding = 4; lastKnownFileType = sourcecode.c.objc; path = ABImageTestButton.m; sourceTree = "<group>"; };
		C215588E160EA17200EF97FE /* ABTestImageCache.h */ = {isa = PBXFileReference; fileEncoding = 4; lastKnownFileType = sourcecode.c.h; path = ABTestImageCache.h; sourceTree = "<group>"; };
		C215588F160EA17200EF97FE /* ABTestImageCache.m */ = {isa = PBXFileReference; fileEncoding = 4; lastKnownFileType = sourcecode.c.objc; path = ABTestImageCache.m; sourceTree = "<group>"; };
		C2155891160EA41100EF97FE /* NSString+MD5.h */ = {isa = PBXFileReference; fileEncoding = 4; lastKnownFileType = sourcecode.c.h; path = "NSString+MD5.h"; sourceTree = "<group>"; };
		C2155892160EA41100EF97FE /* NSString+MD5.m */ = {isa = PBXFileReference; fileEncoding = 4; lastKnownFileType = sourcecode.c.objc; path = "NSString+MD5.m"; sourceTree = "<group>"; };
		C2155898160EB30100EF97FE /* en */ = {isa = PBXFileReference; lastKnownFileType = image.png; name = en; path = en.lproj/default_button.png; sourceTree = "<group>"; };
		C215589E160FCDE000EF97FE /* icon.png */ = {isa = PBXFileReference; lastKnownFileType = image.png; name = icon.png; path = ../icon.png; sourceTree = "<group>"; };
		C21558A0160FCDEE00EF97FE /* icon@2x.png */ = {isa = PBXFileReference; lastKnownFileType = image.png; name = "icon@2x.png"; path = "../icon@2x.png"; sourceTree = "<group>"; };
		C29C0675160E3B3C00CC1E82 /* ABTestSampleApp.app */ = {isa = PBXFileReference; explicitFileType = wrapper.application; includeInIndex = 0; path = ABTestSampleApp.app; sourceTree = BUILT_PRODUCTS_DIR; };
		C29C0679160E3B3C00CC1E82 /* UIKit.framework */ = {isa = PBXFileReference; lastKnownFileType = wrapper.framework; name = UIKit.framework; path = System/Library/Frameworks/UIKit.framework; sourceTree = SDKROOT; };
		C29C067B160E3B3C00CC1E82 /* Foundation.framework */ = {isa = PBXFileReference; lastKnownFileType = wrapper.framework; name = Foundation.framework; path = System/Library/Frameworks/Foundation.framework; sourceTree = SDKROOT; };
		C29C067D160E3B3C00CC1E82 /* CoreGraphics.framework */ = {isa = PBXFileReference; lastKnownFileType = wrapper.framework; name = CoreGraphics.framework; path = System/Library/Frameworks/CoreGraphics.framework; sourceTree = SDKROOT; };
		C29C0681160E3B3C00CC1E82 /* ABTestSampleApp-Info.plist */ = {isa = PBXFileReference; lastKnownFileType = text.plist.xml; path = "ABTestSampleApp-Info.plist"; sourceTree = "<group>"; };
		C29C0683160E3B3C00CC1E82 /* en */ = {isa = PBXFileReference; lastKnownFileType = text.plist.strings; name = en; path = en.lproj/InfoPlist.strings; sourceTree = "<group>"; };
		C29C0685160E3B3C00CC1E82 /* main.m */ = {isa = PBXFileReference; lastKnownFileType = sourcecode.c.objc; path = main.m; sourceTree = "<group>"; };
		C29C0687160E3B3C00CC1E82 /* ABTestSampleApp-Prefix.pch */ = {isa = PBXFileReference; lastKnownFileType = sourcecode.c.h; path = "ABTestSampleApp-Prefix.pch"; sourceTree = "<group>"; };
		C29C0688160E3B3C00CC1E82 /* ABAppDelegate.h */ = {isa = PBXFileReference; lastKnownFileType = sourcecode.c.h; path = ABAppDelegate.h; sourceTree = "<group>"; };
		C29C0689160E3B3C00CC1E82 /* ABAppDelegate.m */ = {isa = PBXFileReference; lastKnownFileType = sourcecode.c.objc; path = ABAppDelegate.m; sourceTree = "<group>"; };
		C29C068B160E3B3C00CC1E82 /* ABViewController.h */ = {isa = PBXFileReference; lastKnownFileType = sourcecode.c.h; path = ABViewController.h; sourceTree = "<group>"; };
		C29C068C160E3B3C00CC1E82 /* ABViewController.m */ = {isa = PBXFileReference; lastKnownFileType = sourcecode.c.objc; path = ABViewController.m; sourceTree = "<group>"; };
		C29C068F160E3B3C00CC1E82 /* en */ = {isa = PBXFileReference; lastKnownFileType = file.xib; name = en; path = en.lproj/ABViewController.xib; sourceTree = "<group>"; };
		C29C06A0160E3F3300CC1E82 /* ABTestSettings.plist */ = {isa = PBXFileReference; fileEncoding = 4; lastKnownFileType = text.plist.xml; path = ABTestSettings.plist; sourceTree = "<group>"; };
		C29C06AF160E757C00CC1E82 /* ABTestCase.h */ = {isa = PBXFileReference; fileEncoding = 4; lastKnownFileType = sourcecode.c.h; path = ABTestCase.h; sourceTree = "<group>"; };
		C29C06B0160E757C00CC1E82 /* ABTestCase.m */ = {isa = PBXFileReference; fileEncoding = 4; lastKnownFileType = sourcecode.c.objc; path = ABTestCase.m; sourceTree = "<group>"; };
		C29C06B1160E757C00CC1E82 /* ABTestCaseOutcome.h */ = {isa = PBXFileReference; fileEncoding = 4; lastKnownFileType = sourcecode.c.h; path = ABTestCaseOutcome.h; sourceTree = "<group>"; };
		C29C06B2160E757C00CC1E82 /* ABTestCaseOutcome.m */ = {isa = PBXFileReference; fileEncoding = 4; lastKnownFileType = sourcecode.c.objc; path = ABTestCaseOutcome.m; sourceTree = "<group>"; };
		C29C06B3160E757C00CC1E82 /* ABTestManager.h */ = {isa = PBXFileReference; fileEncoding = 4; lastKnownFileType = sourcecode.c.h; path = ABTestManager.h; sourceTree = "<group>"; };
		C29C06B4160E757C00CC1E82 /* ABTestManager.m */ = {isa = PBXFileReference; fileEncoding = 4; lastKnownFileType = sourcecode.c.objc; path = ABTestManager.m; sourceTree = "<group>"; };
		C29C06B6160E757C00CC1E82 /* NSObject+ABTest.h */ = {isa = PBXFileReference; fileEncoding = 4; lastKnownFileType = sourcecode.c.h; path = "NSObject+ABTest.h"; sourceTree = "<group>"; };
		C29C06B7160E757C00CC1E82 /* NSObject+ABTest.m */ = {isa = PBXFileReference; fileEncoding = 4; lastKnownFileType = sourcecode.c.objc; path = "NSObject+ABTest.m"; sourceTree = "<group>"; };
		C29C06B8160E757C00CC1E82 /* OpenUDID.h */ = {isa = PBXFileReference; fileEncoding = 4; lastKnownFileType = sourcecode.c.h; path = OpenUDID.h; sourceTree = "<group>"; };
		C29C06B9160E757C00CC1E82 /* OpenUDID.m */ = {isa = PBXFileReference; fileEncoding = 4; lastKnownFileType = sourcecode.c.objc; path = OpenUDID.m; sourceTree = "<group>"; };
		C29C06C0160E759500CC1E82 /* ABTestButton.h */ = {isa = PBXFileReference; fileEncoding = 4; lastKnownFileType = sourcecode.c.h; path = ABTestButton.h; sourceTree = "<group>"; };
		C29C06C1160E759500CC1E82 /* ABTestButton.m */ = {isa = PBXFileReference; fileEncoding = 4; lastKnownFileType = sourcecode.c.objc; path = ABTestButton.m; sourceTree = "<group>"; };
/* End PBXFileReference section */

/* Begin PBXFrameworksBuildPhase section */
		C29C0672160E3B3C00CC1E82 /* Frameworks */ = {
			isa = PBXFrameworksBuildPhase;
			buildActionMask = 2147483647;
			files = (
				C29C067A160E3B3C00CC1E82 /* UIKit.framework in Frameworks */,
				C29C067C160E3B3C00CC1E82 /* Foundation.framework in Frameworks */,
				C29C067E160E3B3C00CC1E82 /* CoreGraphics.framework in Frameworks */,
			);
			runOnlyForDeploymentPostprocessing = 0;
		};
/* End PBXFrameworksBuildPhase section */

/* Begin PBXGroup section */
		C29C066A160E3B3C00CC1E82 = {
			isa = PBXGroup;
			children = (
				C29C0696160E3B5A00CC1E82 /* ABTestLibrary */,
				C29C067F160E3B3C00CC1E82 /* ABTestSampleApp */,
				C29C0678160E3B3C00CC1E82 /* Frameworks */,
				C29C0676160E3B3C00CC1E82 /* Products */,
			);
			sourceTree = "<group>";
		};
		C29C0676160E3B3C00CC1E82 /* Products */ = {
			isa = PBXGroup;
			children = (
				C29C0675160E3B3C00CC1E82 /* ABTestSampleApp.app */,
			);
			name = Products;
			sourceTree = "<group>";
		};
		C29C0678160E3B3C00CC1E82 /* Frameworks */ = {
			isa = PBXGroup;
			children = (
				C29C0679160E3B3C00CC1E82 /* UIKit.framework */,
				C29C067B160E3B3C00CC1E82 /* Foundation.framework */,
				C29C067D160E3B3C00CC1E82 /* CoreGraphics.framework */,
			);
			name = Frameworks;
			sourceTree = "<group>";
		};
		C29C067F160E3B3C00CC1E82 /* ABTestSampleApp */ = {
			isa = PBXGroup;
			children = (
				C29C0688160E3B3C00CC1E82 /* ABAppDelegate.h */,
				C29C0689160E3B3C00CC1E82 /* ABAppDelegate.m */,
				C29C068B160E3B3C00CC1E82 /* ABViewController.h */,
				C29C068C160E3B3C00CC1E82 /* ABViewController.m */,
				C29C068E160E3B3C00CC1E82 /* ABViewController.xib */,
				C29C0680160E3B3C00CC1E82 /* Supporting Files */,
			);
			path = ABTestSampleApp;
			sourceTree = "<group>";
		};
		C29C0680160E3B3C00CC1E82 /* Supporting Files */ = {
			isa = PBXGroup;
			children = (
				C21558A0160FCDEE00EF97FE /* icon@2x.png */,
				C215589E160FCDE000EF97FE /* icon.png */,
				C2155897160EB30100EF97FE /* default_button.png */,
				C29C0681160E3B3C00CC1E82 /* ABTestSampleApp-Info.plist */,
				C29C0682160E3B3C00CC1E82 /* InfoPlist.strings */,
				C29C0685160E3B3C00CC1E82 /* main.m */,
				C29C0687160E3B3C00CC1E82 /* ABTestSampleApp-Prefix.pch */,
			);
			name = "Supporting Files";
			sourceTree = "<group>";
		};
		C29C0696160E3B5A00CC1E82 /* ABTestLibrary */ = {
			isa = PBXGroup;
			children = (
				C29C06AE160E757C00CC1E82 /* Core */,
				C29C06B5160E757C00CC1E82 /* Extensions */,
				C29C06BA160E757C00CC1E82 /* Controls */,
				C29C06A0160E3F3300CC1E82 /* ABTestSettings.plist */,
			);
			path = ABTestLibrary;
			sourceTree = "<group>";
		};
		C29C06AE160E757C00CC1E82 /* Core */ = {
			isa = PBXGroup;
			children = (
				C29C06AF160E757C00CC1E82 /* ABTestCase.h */,
				C29C06B0160E757C00CC1E82 /* ABTestCase.m */,
				C29C06B1160E757C00CC1E82 /* ABTestCaseOutcome.h */,
				C29C06B2160E757C00CC1E82 /* ABTestCaseOutcome.m */,
				C29C06B3160E757C00CC1E82 /* ABTestManager.h */,
				C29C06B4160E757C00CC1E82 /* ABTestManager.m */,
			);
			path = Core;
			sourceTree = "<group>";
		};
		C29C06B5160E757C00CC1E82 /* Extensions */ = {
			isa = PBXGroup;
			children = (
				C29C06B6160E757C00CC1E82 /* NSObject+ABTest.h */,
				C29C06B7160E757C00CC1E82 /* NSObject+ABTest.m */,
				C29C06B8160E757C00CC1E82 /* OpenUDID.h */,
				C29C06B9160E757C00CC1E82 /* OpenUDID.m */,
				C215588E160EA17200EF97FE /* ABTestImageCache.h */,
				C215588F160EA17200EF97FE /* ABTestImageCache.m */,
				C2155891160EA41100EF97FE /* NSString+MD5.h */,
				C2155892160EA41100EF97FE /* NSString+MD5.m */,
			);
			path = Extensions;
			sourceTree = "<group>";
		};
		C29C06BA160E757C00CC1E82 /* Controls */ = {
			isa = PBXGroup;
			children = (
				C2155887160E8B5400EF97FE /* ABImageTestButton.h */,
				C2155888160E8B5400EF97FE /* ABImageTestButton.m */,
				C29C06C0160E759500CC1E82 /* ABTestButton.h */,
				C29C06C1160E759500CC1E82 /* ABTestButton.m */,
			);
			path = Controls;
			sourceTree = "<group>";
		};
/* End PBXGroup section */

/* Begin PBXNativeTarget section */
		C29C0674160E3B3C00CC1E82 /* ABTestSampleApp */ = {
			isa = PBXNativeTarget;
			buildConfigurationList = C29C0693160E3B3C00CC1E82 /* Build configuration list for PBXNativeTarget "ABTestSampleApp" */;
			buildPhases = (
				C29C0671160E3B3C00CC1E82 /* Sources */,
				C29C0672160E3B3C00CC1E82 /* Frameworks */,
				C29C0673160E3B3C00CC1E82 /* Resources */,
			);
			buildRules = (
			);
			dependencies = (
			);
			name = ABTestSampleApp;
			productName = ABTestSampleApp;
			productReference = C29C0675160E3B3C00CC1E82 /* ABTestSampleApp.app */;
			productType = "com.apple.product-type.application";
		};
/* End PBXNativeTarget section */

/* Begin PBXProject section */
		C29C066C160E3B3C00CC1E82 /* Project object */ = {
			isa = PBXProject;
			attributes = {
				CLASSPREFIX = AB;
				LastUpgradeCheck = 0440;
				ORGANIZATIONNAME = "Chris Maddern";
			};
			buildConfigurationList = C29C066F160E3B3C00CC1E82 /* Build configuration list for PBXProject "ABTestSampleApp" */;
			compatibilityVersion = "Xcode 3.2";
			developmentRegion = English;
			hasScannedForEncodings = 0;
			knownRegions = (
				en,
			);
			mainGroup = C29C066A160E3B3C00CC1E82;
			productRefGroup = C29C0676160E3B3C00CC1E82 /* Products */;
			projectDirPath = "";
			projectRoot = "";
			targets = (
				C29C0674160E3B3C00CC1E82 /* ABTestSampleApp */,
			);
		};
/* End PBXProject section */

/* Begin PBXResourcesBuildPhase section */
		C29C0673160E3B3C00CC1E82 /* Resources */ = {
			isa = PBXResourcesBuildPhase;
			buildActionMask = 2147483647;
			files = (
				C29C0684160E3B3C00CC1E82 /* InfoPlist.strings in Resources */,
				C29C0690160E3B3C00CC1E82 /* ABViewController.xib in Resources */,
				C29C06A1160E3F3300CC1E82 /* ABTestSettings.plist in Resources */,
				C2155899160EB30100EF97FE /* default_button.png in Resources */,
				C215589F160FCDE000EF97FE /* icon.png in Resources */,
				C21558A1160FCDEF00EF97FE /* icon@2x.png in Resources */,
			);
			runOnlyForDeploymentPostprocessing = 0;
		};
/* End PBXResourcesBuildPhase section */

/* Begin PBXSourcesBuildPhase section */
		C29C0671160E3B3C00CC1E82 /* Sources */ = {
			isa = PBXSourcesBuildPhase;
			buildActionMask = 2147483647;
			files = (
				C29C0686160E3B3C00CC1E82 /* main.m in Sources */,
				C29C068A160E3B3C00CC1E82 /* ABAppDelegate.m in Sources */,
				C29C068D160E3B3C00CC1E82 /* ABViewController.m in Sources */,
				C29C06BB160E757C00CC1E82 /* ABTestCase.m in Sources */,
				C29C06BC160E757C00CC1E82 /* ABTestCaseOutcome.m in Sources */,
				C29C06BD160E757C00CC1E82 /* ABTestManager.m in Sources */,
				C29C06BE160E757C00CC1E82 /* NSObject+ABTest.m in Sources */,
				C29C06BF160E757C00CC1E82 /* OpenUDID.m in Sources */,
				C29C06C2160E759500CC1E82 /* ABTestButton.m in Sources */,
				C2155889160E8B5400EF97FE /* ABImageTestButton.m in Sources */,
				C2155890160EA17200EF97FE /* ABTestImageCache.m in Sources */,
				C2155893160EA41100EF97FE /* NSString+MD5.m in Sources */,
			);
			runOnlyForDeploymentPostprocessing = 0;
		};
/* End PBXSourcesBuildPhase section */

/* Begin PBXVariantGroup section */
		C2155897160EB30100EF97FE /* default_button.png */ = {
			isa = PBXVariantGroup;
			children = (
				C2155898160EB30100EF97FE /* en */,
			);
			name = default_button.png;
			sourceTree = "<group>";
		};
		C29C0682160E3B3C00CC1E82 /* InfoPlist.strings */ = {
			isa = PBXVariantGroup;
			children = (
				C29C0683160E3B3C00CC1E82 /* en */,
			);
			name = InfoPlist.strings;
			sourceTree = "<group>";
		};
		C29C068E160E3B3C00CC1E82 /* ABViewController.xib */ = {
			isa = PBXVariantGroup;
			children = (
				C29C068F160E3B3C00CC1E82 /* en */,
			);
			name = ABViewController.xib;
			sourceTree = "<group>";
		};
/* End PBXVariantGroup section */

/* Begin XCBuildConfiguration section */
		C29C0691160E3B3C00CC1E82 /* Debug */ = {
			isa = XCBuildConfiguration;
			buildSettings = {
				ALWAYS_SEARCH_USER_PATHS = NO;
				ARCHS = "$(ARCHS_STANDARD_32_BIT)";
				CLANG_CXX_LANGUAGE_STANDARD = "gnu++0x";
				CLANG_ENABLE_OBJC_ARC = YES;
				CLANG_WARN__DUPLICATE_METHOD_MATCH = YES;
				"CODE_SIGN_IDENTITY[sdk=iphoneos*]" = "iPhone Developer";
				COPY_PHASE_STRIP = NO;
				GCC_C_LANGUAGE_STANDARD = gnu99;
				GCC_DYNAMIC_NO_PIC = NO;
				GCC_OPTIMIZATION_LEVEL = 0;
				GCC_PREPROCESSOR_DEFINITIONS = (
					"DEBUG=1",
					"$(inherited)",
				);
				GCC_SYMBOLS_PRIVATE_EXTERN = NO;
				GCC_VERSION = com.apple.compilers.llvm.clang.1_0;
				GCC_WARN_ABOUT_RETURN_TYPE = YES;
				GCC_WARN_UNINITIALIZED_AUTOS = YES;
				GCC_WARN_UNUSED_VARIABLE = YES;
				IPHONEOS_DEPLOYMENT_TARGET = 5.1;
				SDKROOT = iphoneos;
			};
			name = Debug;
		};
		C29C0692160E3B3C00CC1E82 /* Release */ = {
			isa = XCBuildConfiguration;
			buildSettings = {
				ALWAYS_SEARCH_USER_PATHS = NO;
				ARCHS = "$(ARCHS_STANDARD_32_BIT)";
				CLANG_CXX_LANGUAGE_STANDARD = "gnu++0x";
				CLANG_ENABLE_OBJC_ARC = YES;
				CLANG_WARN__DUPLICATE_METHOD_MATCH = YES;
				"CODE_SIGN_IDENTITY[sdk=iphoneos*]" = "iPhone Developer";
				COPY_PHASE_STRIP = YES;
				GCC_C_LANGUAGE_STANDARD = gnu99;
				GCC_VERSION = com.apple.compilers.llvm.clang.1_0;
				GCC_WARN_ABOUT_RETURN_TYPE = YES;
				GCC_WARN_UNINITIALIZED_AUTOS = YES;
				GCC_WARN_UNUSED_VARIABLE = YES;
				IPHONEOS_DEPLOYMENT_TARGET = 5.1;
				OTHER_CFLAGS = "-DNS_BLOCK_ASSERTIONS=1";
				SDKROOT = iphoneos;
				VALIDATE_PRODUCT = YES;
			};
			name = Release;
		};
		C29C0694160E3B3C00CC1E82 /* Debug */ = {
			isa = XCBuildConfiguration;
			buildSettings = {
				GCC_PRECOMPILE_PREFIX_HEADER = YES;
				GCC_PREFIX_HEADER = "ABTestSampleApp/ABTestSampleApp-Prefix.pch";
				INFOPLIST_FILE = "ABTestSampleApp/ABTestSampleApp-Info.plist";
				PRODUCT_NAME = "$(TARGET_NAME)";
				WRAPPER_EXTENSION = app;
			};
			name = Debug;
		};
		C29C0695160E3B3C00CC1E82 /* Release */ = {
			isa = XCBuildConfiguration;
			buildSettings = {
				GCC_PRECOMPILE_PREFIX_HEADER = YES;
				GCC_PREFIX_HEADER = "ABTestSampleApp/ABTestSampleApp-Prefix.pch";
				INFOPLIST_FILE = "ABTestSampleApp/ABTestSampleApp-Info.plist";
				PRODUCT_NAME = "$(TARGET_NAME)";
				WRAPPER_EXTENSION = app;
			};
			name = Release;
		};
/* End XCBuildConfiguration section */

/* Begin XCConfigurationList section */
		C29C066F160E3B3C00CC1E82 /* Build configuration list for PBXProject "ABTestSampleApp" */ = {
			isa = XCConfigurationList;
			buildConfigurations = (
				C29C0691160E3B3C00CC1E82 /* Debug */,
				C29C0692160E3B3C00CC1E82 /* Release */,
			);
			defaultConfigurationIsVisible = 0;
			defaultConfigurationName = Release;
		};
		C29C0693160E3B3C00CC1E82 /* Build configuration list for PBXNativeTarget "ABTestSampleApp" */ = {
			isa = XCConfigurationList;
			buildConfigurations = (
				C29C0694160E3B3C00CC1E82 /* Debug */,
				C29C0695160E3B3C00CC1E82 /* Release */,
			);
			defaultConfigurationIsVisible = 0;
			defaultConfigurationName = Release;
		};
/* End XCConfigurationList section */
	};
	rootObject = C29C066C160E3B3C00CC1E82 /* Project object */;
}
